// !$*UTF8*$!
{
	archiveVersion = 1;
	classes = {
	};
	objectVersion = 56;
	objects = {

/* Begin PBXBuildFile section */
		3816FB7E2B19C249002037FF /* WidgetKit.framework in Frameworks */ = {isa = PBXBuildFile; fileRef = 3816FB7D2B19C249002037FF /* WidgetKit.framework */; };
		3816FB802B19C249002037FF /* SwiftUI.framework in Frameworks */ = {isa = PBXBuildFile; fileRef = 3816FB7F2B19C249002037FF /* SwiftUI.framework */; };
		3816FB832B19C249002037FF /* widgetBundle.swift in Sources */ = {isa = PBXBuildFile; fileRef = 3816FB822B19C249002037FF /* widgetBundle.swift */; };
		3816FB852B19C249002037FF /* widget.swift in Sources */ = {isa = PBXBuildFile; fileRef = 3816FB842B19C249002037FF /* widget.swift */; };
		3816FB872B19C24A002037FF /* Assets.xcassets in Resources */ = {isa = PBXBuildFile; fileRef = 3816FB862B19C24A002037FF /* Assets.xcassets */; };
		3816FB8B2B19C24A002037FF /* widgetExtension.appex in Embed Foundation Extensions */ = {isa = PBXBuildFile; fileRef = 3816FB7B2B19C249002037FF /* widgetExtension.appex */; settings = {ATTRIBUTES = (RemoveHeadersOnCopy, ); }; };
		382BDFD42AB84A270029CFA4 /* GridView.swift in Sources */ = {isa = PBXBuildFile; fileRef = 382BDFD32AB84A270029CFA4 /* GridView.swift */; };
		382BDFD62AB84CA50029CFA4 /* CustomViewModifer.swift in Sources */ = {isa = PBXBuildFile; fileRef = 382BDFD52AB84CA50029CFA4 /* CustomViewModifer.swift */; };
		382BDFD82AB84EAE0029CFA4 /* CustomShape.swift in Sources */ = {isa = PBXBuildFile; fileRef = 382BDFD72AB84EAE0029CFA4 /* CustomShape.swift */; };
		382BDFDA2AB853A10029CFA4 /* State.swift in Sources */ = {isa = PBXBuildFile; fileRef = 382BDFD92AB853A10029CFA4 /* State.swift */; };
		382BDFDC2AB855CF0029CFA4 /* ObserView.swift in Sources */ = {isa = PBXBuildFile; fileRef = 382BDFDB2AB855CF0029CFA4 /* ObserView.swift */; };
		382BDFDE2AB856040029CFA4 /* UserSettings.swift in Sources */ = {isa = PBXBuildFile; fileRef = 382BDFDD2AB856040029CFA4 /* UserSettings.swift */; };
		382BDFE02AB858F30029CFA4 /* TimeManager.swift in Sources */ = {isa = PBXBuildFile; fileRef = 382BDFDF2AB858F30029CFA4 /* TimeManager.swift */; };
		382BDFE22AB859280029CFA4 /* TimeCountView.swift in Sources */ = {isa = PBXBuildFile; fileRef = 382BDFE12AB859280029CFA4 /* TimeCountView.swift */; };
		382BDFE42AB85AEF0029CFA4 /* ConbineView.swift in Sources */ = {isa = PBXBuildFile; fileRef = 382BDFE32AB85AEF0029CFA4 /* ConbineView.swift */; };
		382BDFE62AB85C570029CFA4 /* AppSceneStoreView.swift in Sources */ = {isa = PBXBuildFile; fileRef = 382BDFE52AB85C570029CFA4 /* AppSceneStoreView.swift */; };
		382BDFE82AB85E880029CFA4 /* CustomEObject.swift in Sources */ = {isa = PBXBuildFile; fileRef = 382BDFE72AB85E880029CFA4 /* CustomEObject.swift */; };
		382BDFEA2AB860420029CFA4 /* TaskView.swift in Sources */ = {isa = PBXBuildFile; fileRef = 382BDFE92AB860420029CFA4 /* TaskView.swift */; };
		382BDFEC2AB86C410029CFA4 /* TheTextView.swift in Sources */ = {isa = PBXBuildFile; fileRef = 382BDFEB2AB86C410029CFA4 /* TheTextView.swift */; };
		382BDFEE2AB871070029CFA4 /* ImageView.swift in Sources */ = {isa = PBXBuildFile; fileRef = 382BDFED2AB871070029CFA4 /* ImageView.swift */; };
		382BDFF02AB947F50029CFA4 /* ImageMask.swift in Sources */ = {isa = PBXBuildFile; fileRef = 382BDFEF2AB947F50029CFA4 /* ImageMask.swift */; };
		382BDFF22AB9489F0029CFA4 /* FilterImage.swift in Sources */ = {isa = PBXBuildFile; fileRef = 382BDFF12AB9489F0029CFA4 /* FilterImage.swift */; };
		382BDFF42AB975970029CFA4 /* blendImageView.swift in Sources */ = {isa = PBXBuildFile; fileRef = 382BDFF32AB975970029CFA4 /* blendImageView.swift */; };
		382BDFF62AB976720029CFA4 /* AnimateImageView.swift in Sources */ = {isa = PBXBuildFile; fileRef = 382BDFF52AB976720029CFA4 /* AnimateImageView.swift */; };
		382BDFF82AB977670029CFA4 /* PhotoPicker.swift in Sources */ = {isa = PBXBuildFile; fileRef = 382BDFF72AB977670029CFA4 /* PhotoPicker.swift */; };
		382BDFFA2AB984A70029CFA4 /* NaviList.swift in Sources */ = {isa = PBXBuildFile; fileRef = 382BDFF92AB984A70029CFA4 /* NaviList.swift */; };
		382BDFFC2AB986390029CFA4 /* TabListView.swift in Sources */ = {isa = PBXBuildFile; fileRef = 382BDFFB2AB986390029CFA4 /* TabListView.swift */; };
		382BDFFE2AB9869A0029CFA4 /* ScrollList.swift in Sources */ = {isa = PBXBuildFile; fileRef = 382BDFFD2AB9869A0029CFA4 /* ScrollList.swift */; };
		382BE0002ABBEA240029CFA4 /* checkboxView.swift in Sources */ = {isa = PBXBuildFile; fileRef = 382BDFFF2ABBEA240029CFA4 /* checkboxView.swift */; };
		382BE0022ABBEB140029CFA4 /* PickerView.swift in Sources */ = {isa = PBXBuildFile; fileRef = 382BE0012ABBEB140029CFA4 /* PickerView.swift */; };
		382BE0042ABBEC3C0029CFA4 /* SlideView.swift in Sources */ = {isa = PBXBuildFile; fileRef = 382BE0032ABBEC3C0029CFA4 /* SlideView.swift */; };
		382BE0062ABBECDF0029CFA4 /* ProgressViewView.swift in Sources */ = {isa = PBXBuildFile; fileRef = 382BE0052ABBECDF0029CFA4 /* ProgressViewView.swift */; };
		382BE0082ABBEECC0029CFA4 /* ColorPickerView.swift in Sources */ = {isa = PBXBuildFile; fileRef = 382BE0072ABBEECB0029CFA4 /* ColorPickerView.swift */; };
		382BE00A2ABBF1150029CFA4 /* FFTabView.swift in Sources */ = {isa = PBXBuildFile; fileRef = 382BE0092ABBF1150029CFA4 /* FFTabView.swift */; };
		382BE00C2ABBF1F40029CFA4 /* FFSpilitView.swift in Sources */ = {isa = PBXBuildFile; fileRef = 382BE00B2ABBF1F40029CFA4 /* FFSpilitView.swift */; };
		382BE00E2ABBF3B80029CFA4 /* ModelViewFromTab.swift in Sources */ = {isa = PBXBuildFile; fileRef = 382BE00D2ABBF3B80029CFA4 /* ModelViewFromTab.swift */; };
		382BE0102ABC1F450029CFA4 /* RightToLeft.swift in Sources */ = {isa = PBXBuildFile; fileRef = 382BE00F2ABC1F450029CFA4 /* RightToLeft.swift */; };
		382BE0122ABC26CE0029CFA4 /* AnimateProgressBar.swift in Sources */ = {isa = PBXBuildFile; fileRef = 382BE0112ABC26CE0029CFA4 /* AnimateProgressBar.swift */; };
		382BE0142ABD4BEB0029CFA4 /* SpinnerShowView.swift in Sources */ = {isa = PBXBuildFile; fileRef = 382BE0132ABD4BEB0029CFA4 /* SpinnerShowView.swift */; };
		382BE0162ABD4D310029CFA4 /* ShowCircleProgressView.swift in Sources */ = {isa = PBXBuildFile; fileRef = 382BE0152ABD4D310029CFA4 /* ShowCircleProgressView.swift */; };
		382BE0182ABD88320029CFA4 /* UserLanguage.swift in Sources */ = {isa = PBXBuildFile; fileRef = 382BE0172ABD88320029CFA4 /* UserLanguage.swift */; };
		38B330B92ADCDB8300116A66 /* map.swift in Sources */ = {isa = PBXBuildFile; fileRef = 38B330B82ADCDB8300116A66 /* map.swift */; };
		38D3333B2B1F17AC00980E1A /* TextViewFrame.swift in Sources */ = {isa = PBXBuildFile; fileRef = 38D3333A2B1F17AC00980E1A /* TextViewFrame.swift */; };
		38D3333D2B1F260A00980E1A /* AlignmentGuide.swift in Sources */ = {isa = PBXBuildFile; fileRef = 38D3333C2B1F260A00980E1A /* AlignmentGuide.swift */; };
		38E724152AB46A6E0045844C /* cookbookApp.swift in Sources */ = {isa = PBXBuildFile; fileRef = 38E724142AB46A6E0045844C /* cookbookApp.swift */; };
		38E724172AB46A6E0045844C /* ContentView.swift in Sources */ = {isa = PBXBuildFile; fileRef = 38E724162AB46A6E0045844C /* ContentView.swift */; };
		38E724192AB46A700045844C /* Assets.xcassets in Resources */ = {isa = PBXBuildFile; fileRef = 38E724182AB46A700045844C /* Assets.xcassets */; };
		38E7241C2AB46A700045844C /* Preview Assets.xcassets in Resources */ = {isa = PBXBuildFile; fileRef = 38E7241B2AB46A700045844C /* Preview Assets.xcassets */; };
		38E7241E2AB46A700045844C /* Persistence.swift in Sources */ = {isa = PBXBuildFile; fileRef = 38E7241D2AB46A700045844C /* Persistence.swift */; };
		38E724212AB46A700045844C /* cookbook.xcdatamodeld in Sources */ = {isa = PBXBuildFile; fileRef = 38E7241F2AB46A700045844C /* cookbook.xcdatamodeld */; };
		38E724282AB551390045844C /* ViewClip.swift in Sources */ = {isa = PBXBuildFile; fileRef = 38E724272AB551390045844C /* ViewClip.swift */; };
		38E902142AD3FF7700A6F614 /* NaviStack.swift in Sources */ = {isa = PBXBuildFile; fileRef = 38E902132AD3FF7700A6F614 /* NaviStack.swift */; };
		38E9021C2AD7DE4300A6F614 /* ListView.swift in Sources */ = {isa = PBXBuildFile; fileRef = 38E9021B2AD7DE4300A6F614 /* ListView.swift */; };
/* End PBXBuildFile section */

/* Begin PBXContainerItemProxy section */
		3816FB892B19C24A002037FF /* PBXContainerItemProxy */ = {
			isa = PBXContainerItemProxy;
			containerPortal = 38E724092AB46A6E0045844C /* Project object */;
			proxyType = 1;
			remoteGlobalIDString = 3816FB7A2B19C249002037FF;
			remoteInfo = widgetExtension;
		};
/* End PBXContainerItemProxy section */

/* Begin PBXCopyFilesBuildPhase section */
		3816FB8C2B19C24A002037FF /* Embed Foundation Extensions */ = {
			isa = PBXCopyFilesBuildPhase;
			buildActionMask = 2147483647;
			dstPath = "";
			dstSubfolderSpec = 13;
			files = (
				3816FB8B2B19C24A002037FF /* widgetExtension.appex in Embed Foundation Extensions */,
			);
			name = "Embed Foundation Extensions";
			runOnlyForDeploymentPostprocessing = 0;
		};
/* End PBXCopyFilesBuildPhase section */

/* Begin PBXFileReference section */
		3816FB7B2B19C249002037FF /* widgetExtension.appex */ = {isa = PBXFileReference; explicitFileType = "wrapper.app-extension"; includeInIndex = 0; path = widgetExtension.appex; sourceTree = BUILT_PRODUCTS_DIR; };
		3816FB7D2B19C249002037FF /* WidgetKit.framework */ = {isa = PBXFileReference; lastKnownFileType = wrapper.framework; name = WidgetKit.framework; path = System/Library/Frameworks/WidgetKit.framework; sourceTree = SDKROOT; };
		3816FB7F2B19C249002037FF /* SwiftUI.framework */ = {isa = PBXFileReference; lastKnownFileType = wrapper.framework; name = SwiftUI.framework; path = System/Library/Frameworks/SwiftUI.framework; sourceTree = SDKROOT; };
		3816FB822B19C249002037FF /* widgetBundle.swift */ = {isa = PBXFileReference; lastKnownFileType = sourcecode.swift; path = widgetBundle.swift; sourceTree = "<group>"; };
		3816FB842B19C249002037FF /* widget.swift */ = {isa = PBXFileReference; lastKnownFileType = sourcecode.swift; path = widget.swift; sourceTree = "<group>"; };
		3816FB862B19C24A002037FF /* Assets.xcassets */ = {isa = PBXFileReference; lastKnownFileType = folder.assetcatalog; path = Assets.xcassets; sourceTree = "<group>"; };
		3816FB882B19C24A002037FF /* Info.plist */ = {isa = PBXFileReference; lastKnownFileType = text.plist.xml; path = Info.plist; sourceTree = "<group>"; };
		382BDFD32AB84A270029CFA4 /* GridView.swift */ = {isa = PBXFileReference; lastKnownFileType = sourcecode.swift; path = GridView.swift; sourceTree = "<group>"; };
		382BDFD52AB84CA50029CFA4 /* CustomViewModifer.swift */ = {isa = PBXFileReference; lastKnownFileType = sourcecode.swift; path = CustomViewModifer.swift; sourceTree = "<group>"; };
		382BDFD72AB84EAE0029CFA4 /* CustomShape.swift */ = {isa = PBXFileReference; lastKnownFileType = sourcecode.swift; path = CustomShape.swift; sourceTree = "<group>"; };
		382BDFD92AB853A10029CFA4 /* State.swift */ = {isa = PBXFileReference; lastKnownFileType = sourcecode.swift; path = State.swift; sourceTree = "<group>"; };
		382BDFDB2AB855CF0029CFA4 /* ObserView.swift */ = {isa = PBXFileReference; lastKnownFileType = sourcecode.swift; path = ObserView.swift; sourceTree = "<group>"; };
		382BDFDD2AB856040029CFA4 /* UserSettings.swift */ = {isa = PBXFileReference; lastKnownFileType = sourcecode.swift; path = UserSettings.swift; sourceTree = "<group>"; };
		382BDFDF2AB858F30029CFA4 /* TimeManager.swift */ = {isa = PBXFileReference; lastKnownFileType = sourcecode.swift; path = TimeManager.swift; sourceTree = "<group>"; };
		382BDFE12AB859280029CFA4 /* TimeCountView.swift */ = {isa = PBXFileReference; lastKnownFileType = sourcecode.swift; path = TimeCountView.swift; sourceTree = "<group>"; };
		382BDFE32AB85AEF0029CFA4 /* ConbineView.swift */ = {isa = PBXFileReference; lastKnownFileType = sourcecode.swift; path = ConbineView.swift; sourceTree = "<group>"; };
		382BDFE52AB85C570029CFA4 /* AppSceneStoreView.swift */ = {isa = PBXFileReference; lastKnownFileType = sourcecode.swift; path = AppSceneStoreView.swift; sourceTree = "<group>"; };
		382BDFE72AB85E880029CFA4 /* CustomEObject.swift */ = {isa = PBXFileReference; lastKnownFileType = sourcecode.swift; path = CustomEObject.swift; sourceTree = "<group>"; };
		382BDFE92AB860420029CFA4 /* TaskView.swift */ = {isa = PBXFileReference; lastKnownFileType = sourcecode.swift; path = TaskView.swift; sourceTree = "<group>"; };
		382BDFEB2AB86C410029CFA4 /* TheTextView.swift */ = {isa = PBXFileReference; lastKnownFileType = sourcecode.swift; path = TheTextView.swift; sourceTree = "<group>"; };
		382BDFED2AB871070029CFA4 /* ImageView.swift */ = {isa = PBXFileReference; lastKnownFileType = sourcecode.swift; path = ImageView.swift; sourceTree = "<group>"; };
		382BDFEF2AB947F50029CFA4 /* ImageMask.swift */ = {isa = PBXFileReference; lastKnownFileType = sourcecode.swift; path = ImageMask.swift; sourceTree = "<group>"; };
		382BDFF12AB9489F0029CFA4 /* FilterImage.swift */ = {isa = PBXFileReference; lastKnownFileType = sourcecode.swift; path = FilterImage.swift; sourceTree = "<group>"; };
		382BDFF32AB975970029CFA4 /* blendImageView.swift */ = {isa = PBXFileReference; lastKnownFileType = sourcecode.swift; path = blendImageView.swift; sourceTree = "<group>"; };
		382BDFF52AB976720029CFA4 /* AnimateImageView.swift */ = {isa = PBXFileReference; lastKnownFileType = sourcecode.swift; path = AnimateImageView.swift; sourceTree = "<group>"; };
		382BDFF72AB977670029CFA4 /* PhotoPicker.swift */ = {isa = PBXFileReference; lastKnownFileType = sourcecode.swift; path = PhotoPicker.swift; sourceTree = "<group>"; };
		382BDFF92AB984A70029CFA4 /* NaviList.swift */ = {isa = PBXFileReference; lastKnownFileType = sourcecode.swift; path = NaviList.swift; sourceTree = "<group>"; };
		382BDFFB2AB986390029CFA4 /* TabListView.swift */ = {isa = PBXFileReference; lastKnownFileType = sourcecode.swift; path = TabListView.swift; sourceTree = "<group>"; };
		382BDFFD2AB9869A0029CFA4 /* ScrollList.swift */ = {isa = PBXFileReference; lastKnownFileType = sourcecode.swift; path = ScrollList.swift; sourceTree = "<group>"; };
		382BDFFF2ABBEA240029CFA4 /* checkboxView.swift */ = {isa = PBXFileReference; lastKnownFileType = sourcecode.swift; path = checkboxView.swift; sourceTree = "<group>"; };
		382BE0012ABBEB140029CFA4 /* PickerView.swift */ = {isa = PBXFileReference; lastKnownFileType = sourcecode.swift; path = PickerView.swift; sourceTree = "<group>"; };
		382BE0032ABBEC3C0029CFA4 /* SlideView.swift */ = {isa = PBXFileReference; lastKnownFileType = sourcecode.swift; path = SlideView.swift; sourceTree = "<group>"; };
		382BE0052ABBECDF0029CFA4 /* ProgressViewView.swift */ = {isa = PBXFileReference; lastKnownFileType = sourcecode.swift; path = ProgressViewView.swift; sourceTree = "<group>"; };
		382BE0072ABBEECB0029CFA4 /* ColorPickerView.swift */ = {isa = PBXFileReference; lastKnownFileType = sourcecode.swift; path = ColorPickerView.swift; sourceTree = "<group>"; };
		382BE0092ABBF1150029CFA4 /* FFTabView.swift */ = {isa = PBXFileReference; lastKnownFileType = sourcecode.swift; path = FFTabView.swift; sourceTree = "<group>"; };
		382BE00B2ABBF1F40029CFA4 /* FFSpilitView.swift */ = {isa = PBXFileReference; lastKnownFileType = sourcecode.swift; path = FFSpilitView.swift; sourceTree = "<group>"; };
		382BE00D2ABBF3B80029CFA4 /* ModelViewFromTab.swift */ = {isa = PBXFileReference; lastKnownFileType = sourcecode.swift; path = ModelViewFromTab.swift; sourceTree = "<group>"; };
		382BE00F2ABC1F450029CFA4 /* RightToLeft.swift */ = {isa = PBXFileReference; lastKnownFileType = sourcecode.swift; path = RightToLeft.swift; sourceTree = "<group>"; };
		382BE0112ABC26CE0029CFA4 /* AnimateProgressBar.swift */ = {isa = PBXFileReference; lastKnownFileType = sourcecode.swift; path = AnimateProgressBar.swift; sourceTree = "<group>"; };
		382BE0132ABD4BEB0029CFA4 /* SpinnerShowView.swift */ = {isa = PBXFileReference; lastKnownFileType = sourcecode.swift; path = SpinnerShowView.swift; sourceTree = "<group>"; };
		382BE0152ABD4D310029CFA4 /* ShowCircleProgressView.swift */ = {isa = PBXFileReference; lastKnownFileType = sourcecode.swift; path = ShowCircleProgressView.swift; sourceTree = "<group>"; };
		382BE0172ABD88320029CFA4 /* UserLanguage.swift */ = {isa = PBXFileReference; lastKnownFileType = sourcecode.swift; path = UserLanguage.swift; sourceTree = "<group>"; };
		38B330B82ADCDB8300116A66 /* map.swift */ = {isa = PBXFileReference; lastKnownFileType = sourcecode.swift; path = map.swift; sourceTree = "<group>"; };
		38D3333A2B1F17AC00980E1A /* TextViewFrame.swift */ = {isa = PBXFileReference; lastKnownFileType = sourcecode.swift; path = TextViewFrame.swift; sourceTree = "<group>"; };
		38D3333C2B1F260A00980E1A /* AlignmentGuide.swift */ = {isa = PBXFileReference; lastKnownFileType = sourcecode.swift; path = AlignmentGuide.swift; sourceTree = "<group>"; };
		38E724112AB46A6E0045844C /* cookbook.app */ = {isa = PBXFileReference; explicitFileType = wrapper.application; includeInIndex = 0; path = cookbook.app; sourceTree = BUILT_PRODUCTS_DIR; };
		38E724142AB46A6E0045844C /* cookbookApp.swift */ = {isa = PBXFileReference; lastKnownFileType = sourcecode.swift; path = cookbookApp.swift; sourceTree = "<group>"; };
		38E724162AB46A6E0045844C /* ContentView.swift */ = {isa = PBXFileReference; lastKnownFileType = sourcecode.swift; path = ContentView.swift; sourceTree = "<group>"; };
		38E724182AB46A700045844C /* Assets.xcassets */ = {isa = PBXFileReference; lastKnownFileType = folder.assetcatalog; path = Assets.xcassets; sourceTree = "<group>"; };
		38E7241B2AB46A700045844C /* Preview Assets.xcassets */ = {isa = PBXFileReference; lastKnownFileType = folder.assetcatalog; path = "Preview Assets.xcassets"; sourceTree = "<group>"; };
		38E7241D2AB46A700045844C /* Persistence.swift */ = {isa = PBXFileReference; lastKnownFileType = sourcecode.swift; path = Persistence.swift; sourceTree = "<group>"; };
		38E724202AB46A700045844C /* cookbook.xcdatamodel */ = {isa = PBXFileReference; lastKnownFileType = wrapper.xcdatamodel; path = cookbook.xcdatamodel; sourceTree = "<group>"; };
		38E724272AB551390045844C /* ViewClip.swift */ = {isa = PBXFileReference; lastKnownFileType = sourcecode.swift; path = ViewClip.swift; sourceTree = "<group>"; };
		38E902132AD3FF7700A6F614 /* NaviStack.swift */ = {isa = PBXFileReference; lastKnownFileType = sourcecode.swift; path = NaviStack.swift; sourceTree = "<group>"; };
		38E9021B2AD7DE4300A6F614 /* ListView.swift */ = {isa = PBXFileReference; lastKnownFileType = sourcecode.swift; path = ListView.swift; sourceTree = "<group>"; };
/* End PBXFileReference section */

/* Begin PBXFrameworksBuildPhase section */
		3816FB782B19C249002037FF /* Frameworks */ = {
			isa = PBXFrameworksBuildPhase;
			buildActionMask = 2147483647;
			files = (
				3816FB802B19C249002037FF /* SwiftUI.framework in Frameworks */,
				3816FB7E2B19C249002037FF /* WidgetKit.framework in Frameworks */,
			);
			runOnlyForDeploymentPostprocessing = 0;
		};
		38E7240E2AB46A6E0045844C /* Frameworks */ = {
			isa = PBXFrameworksBuildPhase;
			buildActionMask = 2147483647;
			files = (
			);
			runOnlyForDeploymentPostprocessing = 0;
		};
/* End PBXFrameworksBuildPhase section */

/* Begin PBXGroup section */
		3816FB7C2B19C249002037FF /* Frameworks */ = {
			isa = PBXGroup;
			children = (
				3816FB7D2B19C249002037FF /* WidgetKit.framework */,
				3816FB7F2B19C249002037FF /* SwiftUI.framework */,
			);
			name = Frameworks;
			sourceTree = "<group>";
		};
		3816FB812B19C249002037FF /* widget */ = {
			isa = PBXGroup;
			children = (
				3816FB822B19C249002037FF /* widgetBundle.swift */,
				3816FB842B19C249002037FF /* widget.swift */,
				3816FB862B19C24A002037FF /* Assets.xcassets */,
				3816FB882B19C24A002037FF /* Info.plist */,
			);
			path = widget;
			sourceTree = "<group>";
		};
		38E724082AB46A6E0045844C = {
			isa = PBXGroup;
			children = (
				38D3333A2B1F17AC00980E1A /* TextViewFrame.swift */,
				382BDFED2AB871070029CFA4 /* ImageView.swift */,
				382BDFEB2AB86C410029CFA4 /* TheTextView.swift */,
				382BDFE92AB860420029CFA4 /* TaskView.swift */,
				382BDFE52AB85C570029CFA4 /* AppSceneStoreView.swift */,
				38E724132AB46A6E0045844C /* cookbook */,
				3816FB812B19C249002037FF /* widget */,
				3816FB7C2B19C249002037FF /* Frameworks */,
				38E724122AB46A6E0045844C /* Products */,
			);
			sourceTree = "<group>";
		};
		38E724122AB46A6E0045844C /* Products */ = {
			isa = PBXGroup;
			children = (
				38E724112AB46A6E0045844C /* cookbook.app */,
				3816FB7B2B19C249002037FF /* widgetExtension.appex */,
			);
			name = Products;
			sourceTree = "<group>";
		};
		38E724132AB46A6E0045844C /* cookbook */ = {
			isa = PBXGroup;
			children = (
				38E724142AB46A6E0045844C /* cookbookApp.swift */,
				38E724162AB46A6E0045844C /* ContentView.swift */,
				38E724182AB46A700045844C /* Assets.xcassets */,
				38E7241D2AB46A700045844C /* Persistence.swift */,
				38E7241F2AB46A700045844C /* cookbook.xcdatamodeld */,
				38E7241A2AB46A700045844C /* Preview Content */,
				38E724272AB551390045844C /* ViewClip.swift */,
				382BDFD32AB84A270029CFA4 /* GridView.swift */,
				382BDFD52AB84CA50029CFA4 /* CustomViewModifer.swift */,
				382BDFD72AB84EAE0029CFA4 /* CustomShape.swift */,
				382BDFD92AB853A10029CFA4 /* State.swift */,
				382BDFDB2AB855CF0029CFA4 /* ObserView.swift */,
				382BDFDD2AB856040029CFA4 /* UserSettings.swift */,
				382BDFDF2AB858F30029CFA4 /* TimeManager.swift */,
				382BDFE12AB859280029CFA4 /* TimeCountView.swift */,
				382BDFE32AB85AEF0029CFA4 /* ConbineView.swift */,
				382BDFE72AB85E880029CFA4 /* CustomEObject.swift */,
				382BDFEF2AB947F50029CFA4 /* ImageMask.swift */,
				382BDFF12AB9489F0029CFA4 /* FilterImage.swift */,
				382BDFF32AB975970029CFA4 /* blendImageView.swift */,
				382BDFF52AB976720029CFA4 /* AnimateImageView.swift */,
				382BDFF72AB977670029CFA4 /* PhotoPicker.swift */,
				382BDFF92AB984A70029CFA4 /* NaviList.swift */,
				382BDFFB2AB986390029CFA4 /* TabListView.swift */,
				382BDFFD2AB9869A0029CFA4 /* ScrollList.swift */,
				382BDFFF2ABBEA240029CFA4 /* checkboxView.swift */,
				382BE0012ABBEB140029CFA4 /* PickerView.swift */,
				382BE0032ABBEC3C0029CFA4 /* SlideView.swift */,
				382BE0052ABBECDF0029CFA4 /* ProgressViewView.swift */,
				382BE0072ABBEECB0029CFA4 /* ColorPickerView.swift */,
				382BE0092ABBF1150029CFA4 /* FFTabView.swift */,
				382BE00B2ABBF1F40029CFA4 /* FFSpilitView.swift */,
				382BE00D2ABBF3B80029CFA4 /* ModelViewFromTab.swift */,
				382BE00F2ABC1F450029CFA4 /* RightToLeft.swift */,
				382BE0112ABC26CE0029CFA4 /* AnimateProgressBar.swift */,
				382BE0132ABD4BEB0029CFA4 /* SpinnerShowView.swift */,
				382BE0152ABD4D310029CFA4 /* ShowCircleProgressView.swift */,
				382BE0172ABD88320029CFA4 /* UserLanguage.swift */,
				38E902132AD3FF7700A6F614 /* NaviStack.swift */,
				38E9021B2AD7DE4300A6F614 /* ListView.swift */,
				38B330B82ADCDB8300116A66 /* map.swift */,
				38D3333C2B1F260A00980E1A /* AlignmentGuide.swift */,
			);
			path = cookbook;
			sourceTree = "<group>";
		};
		38E7241A2AB46A700045844C /* Preview Content */ = {
			isa = PBXGroup;
			children = (
				38E7241B2AB46A700045844C /* Preview Assets.xcassets */,
			);
			path = "Preview Content";
			sourceTree = "<group>";
		};
/* End PBXGroup section */

/* Begin PBXNativeTarget section */
		3816FB7A2B19C249002037FF /* widgetExtension */ = {
			isa = PBXNativeTarget;
			buildConfigurationList = 3816FB8F2B19C24A002037FF /* Build configuration list for PBXNativeTarget "widgetExtension" */;
			buildPhases = (
				3816FB772B19C249002037FF /* Sources */,
				3816FB782B19C249002037FF /* Frameworks */,
				3816FB792B19C249002037FF /* Resources */,
			);
			buildRules = (
			);
			dependencies = (
			);
			name = widgetExtension;
			productName = widgetExtension;
			productReference = 3816FB7B2B19C249002037FF /* widgetExtension.appex */;
			productType = "com.apple.product-type.app-extension";
		};
		38E724102AB46A6E0045844C /* cookbook */ = {
			isa = PBXNativeTarget;
			buildConfigurationList = 38E724242AB46A700045844C /* Build configuration list for PBXNativeTarget "cookbook" */;
			buildPhases = (
				38E7240D2AB46A6E0045844C /* Sources */,
				38E7240E2AB46A6E0045844C /* Frameworks */,
				38E7240F2AB46A6E0045844C /* Resources */,
				3816FB8C2B19C24A002037FF /* Embed Foundation Extensions */,
			);
			buildRules = (
			);
			dependencies = (
				3816FB8A2B19C24A002037FF /* PBXTargetDependency */,
			);
			name = cookbook;
			productName = cookbook;
			productReference = 38E724112AB46A6E0045844C /* cookbook.app */;
			productType = "com.apple.product-type.application";
		};
/* End PBXNativeTarget section */

/* Begin PBXProject section */
		38E724092AB46A6E0045844C /* Project object */ = {
			isa = PBXProject;
			attributes = {
				BuildIndependentTargetsInParallel = 1;
				LastSwiftUpdateCheck = 1500;
				LastUpgradeCheck = 1500;
				TargetAttributes = {
					3816FB7A2B19C249002037FF = {
						CreatedOnToolsVersion = 15.0;
					};
					38E724102AB46A6E0045844C = {
						CreatedOnToolsVersion = 15.0;
					};
				};
			};
			buildConfigurationList = 38E7240C2AB46A6E0045844C /* Build configuration list for PBXProject "cookbook" */;
			compatibilityVersion = "Xcode 14.0";
			developmentRegion = en;
			hasScannedForEncodings = 0;
			knownRegions = (
				en,
				Base,
			);
			mainGroup = 38E724082AB46A6E0045844C;
			productRefGroup = 38E724122AB46A6E0045844C /* Products */;
			projectDirPath = "";
			projectRoot = "";
			targets = (
				38E724102AB46A6E0045844C /* cookbook */,
				3816FB7A2B19C249002037FF /* widgetExtension */,
			);
		};
/* End PBXProject section */

/* Begin PBXResourcesBuildPhase section */
		3816FB792B19C249002037FF /* Resources */ = {
			isa = PBXResourcesBuildPhase;
			buildActionMask = 2147483647;
			files = (
				3816FB872B19C24A002037FF /* Assets.xcassets in Resources */,
			);
			runOnlyForDeploymentPostprocessing = 0;
		};
		38E7240F2AB46A6E0045844C /* Resources */ = {
			isa = PBXResourcesBuildPhase;
			buildActionMask = 2147483647;
			files = (
				38E7241C2AB46A700045844C /* Preview Assets.xcassets in Resources */,
				38E724192AB46A700045844C /* Assets.xcassets in Resources */,
			);
			runOnlyForDeploymentPostprocessing = 0;
		};
/* End PBXResourcesBuildPhase section */

/* Begin PBXSourcesBuildPhase section */
		3816FB772B19C249002037FF /* Sources */ = {
			isa = PBXSourcesBuildPhase;
			buildActionMask = 2147483647;
			files = (
				3816FB832B19C249002037FF /* widgetBundle.swift in Sources */,
				3816FB852B19C249002037FF /* widget.swift in Sources */,
			);
			runOnlyForDeploymentPostprocessing = 0;
		};
		38E7240D2AB46A6E0045844C /* Sources */ = {
			isa = PBXSourcesBuildPhase;
			buildActionMask = 2147483647;
			files = (
				382BDFFE2AB9869A0029CFA4 /* ScrollList.swift in Sources */,
				382BE0142ABD4BEB0029CFA4 /* SpinnerShowView.swift in Sources */,
				382BDFFA2AB984A70029CFA4 /* NaviList.swift in Sources */,
				382BDFE62AB85C570029CFA4 /* AppSceneStoreView.swift in Sources */,
				382BDFEE2AB871070029CFA4 /* ImageView.swift in Sources */,
				382BDFD82AB84EAE0029CFA4 /* CustomShape.swift in Sources */,
				38B330B92ADCDB8300116A66 /* map.swift in Sources */,
				38E724212AB46A700045844C /* cookbook.xcdatamodeld in Sources */,
				382BDFE02AB858F30029CFA4 /* TimeManager.swift in Sources */,
				382BE0062ABBECDF0029CFA4 /* ProgressViewView.swift in Sources */,
				38E724282AB551390045844C /* ViewClip.swift in Sources */,
				382BE00C2ABBF1F40029CFA4 /* FFSpilitView.swift in Sources */,
				382BE0082ABBEECC0029CFA4 /* ColorPickerView.swift in Sources */,
				382BDFE82AB85E880029CFA4 /* CustomEObject.swift in Sources */,
				382BE0162ABD4D310029CFA4 /* ShowCircleProgressView.swift in Sources */,
				38E7241E2AB46A700045844C /* Persistence.swift in Sources */,
				382BDFD62AB84CA50029CFA4 /* CustomViewModifer.swift in Sources */,
				382BE0122ABC26CE0029CFA4 /* AnimateProgressBar.swift in Sources */,
				382BDFDA2AB853A10029CFA4 /* State.swift in Sources */,
				382BE00A2ABBF1150029CFA4 /* FFTabView.swift in Sources */,
				382BDFEC2AB86C410029CFA4 /* TheTextView.swift in Sources */,
				382BDFF22AB9489F0029CFA4 /* FilterImage.swift in Sources */,
				382BDFDC2AB855CF0029CFA4 /* ObserView.swift in Sources */,
				382BDFEA2AB860420029CFA4 /* TaskView.swift in Sources */,
				382BE0102ABC1F450029CFA4 /* RightToLeft.swift in Sources */,
				382BE0182ABD88320029CFA4 /* UserLanguage.swift in Sources */,
				382BDFF02AB947F50029CFA4 /* ImageMask.swift in Sources */,
				38E724172AB46A6E0045844C /* ContentView.swift in Sources */,
				382BDFF42AB975970029CFA4 /* blendImageView.swift in Sources */,
				38D3333B2B1F17AC00980E1A /* TextViewFrame.swift in Sources */,
				382BDFE22AB859280029CFA4 /* TimeCountView.swift in Sources */,
				382BDFF62AB976720029CFA4 /* AnimateImageView.swift in Sources */,
				382BE00E2ABBF3B80029CFA4 /* ModelViewFromTab.swift in Sources */,
				382BDFFC2AB986390029CFA4 /* TabListView.swift in Sources */,
				382BDFD42AB84A270029CFA4 /* GridView.swift in Sources */,
				382BDFF82AB977670029CFA4 /* PhotoPicker.swift in Sources */,
				382BE0042ABBEC3C0029CFA4 /* SlideView.swift in Sources */,
				38E724152AB46A6E0045844C /* cookbookApp.swift in Sources */,
				38E902142AD3FF7700A6F614 /* NaviStack.swift in Sources */,
				382BDFDE2AB856040029CFA4 /* UserSettings.swift in Sources */,
				38E9021C2AD7DE4300A6F614 /* ListView.swift in Sources */,
				382BE0022ABBEB140029CFA4 /* PickerView.swift in Sources */,
				38D3333D2B1F260A00980E1A /* AlignmentGuide.swift in Sources */,
				382BDFE42AB85AEF0029CFA4 /* ConbineView.swift in Sources */,
				382BE0002ABBEA240029CFA4 /* checkboxView.swift in Sources */,
			);
			runOnlyForDeploymentPostprocessing = 0;
		};
/* End PBXSourcesBuildPhase section */

/* Begin PBXTargetDependency section */
		3816FB8A2B19C24A002037FF /* PBXTargetDependency */ = {
			isa = PBXTargetDependency;
			target = 3816FB7A2B19C249002037FF /* widgetExtension */;
			targetProxy = 3816FB892B19C24A002037FF /* PBXContainerItemProxy */;
		};
/* End PBXTargetDependency section */

/* Begin XCBuildConfiguration section */
		3816FB8D2B19C24A002037FF /* Debug */ = {
			isa = XCBuildConfiguration;
			buildSettings = {
				ASSETCATALOG_COMPILER_GLOBAL_ACCENT_COLOR_NAME = AccentColor;
				ASSETCATALOG_COMPILER_WIDGET_BACKGROUND_COLOR_NAME = WidgetBackground;
				CODE_SIGN_STYLE = Automatic;
				CURRENT_PROJECT_VERSION = 1;
				DEVELOPMENT_TEAM = 545KNG585P;
				GENERATE_INFOPLIST_FILE = YES;
				INFOPLIST_FILE = widget/Info.plist;
				INFOPLIST_KEY_CFBundleDisplayName = widget;
				INFOPLIST_KEY_NSHumanReadableCopyright = "";
				LD_RUNPATH_SEARCH_PATHS = (
					"$(inherited)",
					"@executable_path/Frameworks",
					"@executable_path/../../Frameworks",
				);
				MARKETING_VERSION = 1.0;
				PRODUCT_BUNDLE_IDENTIFIER = com.laihjx.cookbook.widget;
				PRODUCT_NAME = "$(TARGET_NAME)";
				SKIP_INSTALL = YES;
				SWIFT_EMIT_LOC_STRINGS = YES;
				SWIFT_VERSION = 5.0;
				TARGETED_DEVICE_FAMILY = "1,2";
			};
			name = Debug;
		};
		3816FB8E2B19C24A002037FF /* Release */ = {
			isa = XCBuildConfiguration;
			buildSettings = {
				ASSETCATALOG_COMPILER_GLOBAL_ACCENT_COLOR_NAME = AccentColor;
				ASSETCATALOG_COMPILER_WIDGET_BACKGROUND_COLOR_NAME = WidgetBackground;
				CODE_SIGN_STYLE = Automatic;
				CURRENT_PROJECT_VERSION = 1;
				DEVELOPMENT_TEAM = 545KNG585P;
				GENERATE_INFOPLIST_FILE = YES;
				INFOPLIST_FILE = widget/Info.plist;
				INFOPLIST_KEY_CFBundleDisplayName = widget;
				INFOPLIST_KEY_NSHumanReadableCopyright = "";
				LD_RUNPATH_SEARCH_PATHS = (
					"$(inherited)",
					"@executable_path/Frameworks",
					"@executable_path/../../Frameworks",
				);
				MARKETING_VERSION = 1.0;
				PRODUCT_BUNDLE_IDENTIFIER = com.laihjx.cookbook.widget;
				PRODUCT_NAME = "$(TARGET_NAME)";
				SKIP_INSTALL = YES;
				SWIFT_EMIT_LOC_STRINGS = YES;
				SWIFT_VERSION = 5.0;
				TARGETED_DEVICE_FAMILY = "1,2";
			};
			name = Release;
		};
		38E724222AB46A700045844C /* Debug */ = {
			isa = XCBuildConfiguration;
			buildSettings = {
				ALWAYS_SEARCH_USER_PATHS = NO;
				ASSETCATALOG_COMPILER_GENERATE_SWIFT_ASSET_SYMBOL_EXTENSIONS = YES;
				CLANG_ANALYZER_NONNULL = YES;
				CLANG_ANALYZER_NUMBER_OBJECT_CONVERSION = YES_AGGRESSIVE;
				CLANG_CXX_LANGUAGE_STANDARD = "gnu++20";
				CLANG_ENABLE_MODULES = YES;
				CLANG_ENABLE_OBJC_ARC = YES;
				CLANG_ENABLE_OBJC_WEAK = YES;
				CLANG_WARN_BLOCK_CAPTURE_AUTORELEASING = YES;
				CLANG_WARN_BOOL_CONVERSION = YES;
				CLANG_WARN_COMMA = YES;
				CLANG_WARN_CONSTANT_CONVERSION = YES;
				CLANG_WARN_DEPRECATED_OBJC_IMPLEMENTATIONS = YES;
				CLANG_WARN_DIRECT_OBJC_ISA_USAGE = YES_ERROR;
				CLANG_WARN_DOCUMENTATION_COMMENTS = YES;
				CLANG_WARN_EMPTY_BODY = YES;
				CLANG_WARN_ENUM_CONVERSION = YES;
				CLANG_WARN_INFINITE_RECURSION = YES;
				CLANG_WARN_INT_CONVERSION = YES;
				CLANG_WARN_NON_LITERAL_NULL_CONVERSION = YES;
				CLANG_WARN_OBJC_IMPLICIT_RETAIN_SELF = YES;
				CLANG_WARN_OBJC_LITERAL_CONVERSION = YES;
				CLANG_WARN_OBJC_ROOT_CLASS = YES_ERROR;
				CLANG_WARN_QUOTED_INCLUDE_IN_FRAMEWORK_HEADER = YES;
				CLANG_WARN_RANGE_LOOP_ANALYSIS = YES;
				CLANG_WARN_STRICT_PROTOTYPES = YES;
				CLANG_WARN_SUSPICIOUS_MOVE = YES;
				CLANG_WARN_UNGUARDED_AVAILABILITY = YES_AGGRESSIVE;
				CLANG_WARN_UNREACHABLE_CODE = YES;
				CLANG_WARN__DUPLICATE_METHOD_MATCH = YES;
				COPY_PHASE_STRIP = NO;
				DEBUG_INFORMATION_FORMAT = dwarf;
				ENABLE_STRICT_OBJC_MSGSEND = YES;
				ENABLE_TESTABILITY = YES;
				ENABLE_USER_SCRIPT_SANDBOXING = YES;
				GCC_C_LANGUAGE_STANDARD = gnu17;
				GCC_DYNAMIC_NO_PIC = NO;
				GCC_NO_COMMON_BLOCKS = YES;
				GCC_OPTIMIZATION_LEVEL = 0;
				GCC_PREPROCESSOR_DEFINITIONS = (
					"DEBUG=1",
					"$(inherited)",
				);
				GCC_WARN_64_TO_32_BIT_CONVERSION = YES;
				GCC_WARN_ABOUT_RETURN_TYPE = YES_ERROR;
				GCC_WARN_UNDECLARED_SELECTOR = YES;
				GCC_WARN_UNINITIALIZED_AUTOS = YES_AGGRESSIVE;
				GCC_WARN_UNUSED_FUNCTION = YES;
				GCC_WARN_UNUSED_VARIABLE = YES;
				IPHONEOS_DEPLOYMENT_TARGET = 17.0;
				LOCALIZATION_PREFERS_STRING_CATALOGS = YES;
				MTL_ENABLE_DEBUG_INFO = INCLUDE_SOURCE;
				MTL_FAST_MATH = YES;
				ONLY_ACTIVE_ARCH = YES;
				SDKROOT = iphoneos;
				SWIFT_ACTIVE_COMPILATION_CONDITIONS = "DEBUG $(inherited)";
				SWIFT_OPTIMIZATION_LEVEL = "-Onone";
			};
			name = Debug;
		};
		38E724232AB46A700045844C /* Release */ = {
			isa = XCBuildConfiguration;
			buildSettings = {
				ALWAYS_SEARCH_USER_PATHS = NO;
				ASSETCATALOG_COMPILER_GENERATE_SWIFT_ASSET_SYMBOL_EXTENSIONS = YES;
				CLANG_ANALYZER_NONNULL = YES;
				CLANG_ANALYZER_NUMBER_OBJECT_CONVERSION = YES_AGGRESSIVE;
				CLANG_CXX_LANGUAGE_STANDARD = "gnu++20";
				CLANG_ENABLE_MODULES = YES;
				CLANG_ENABLE_OBJC_ARC = YES;
				CLANG_ENABLE_OBJC_WEAK = YES;
				CLANG_WARN_BLOCK_CAPTURE_AUTORELEASING = YES;
				CLANG_WARN_BOOL_CONVERSION = YES;
				CLANG_WARN_COMMA = YES;
				CLANG_WARN_CONSTANT_CONVERSION = YES;
				CLANG_WARN_DEPRECATED_OBJC_IMPLEMENTATIONS = YES;
				CLANG_WARN_DIRECT_OBJC_ISA_USAGE = YES_ERROR;
				CLANG_WARN_DOCUMENTATION_COMMENTS = YES;
				CLANG_WARN_EMPTY_BODY = YES;
				CLANG_WARN_ENUM_CONVERSION = YES;
				CLANG_WARN_INFINITE_RECURSION = YES;
				CLANG_WARN_INT_CONVERSION = YES;
				CLANG_WARN_NON_LITERAL_NULL_CONVERSION = YES;
				CLANG_WARN_OBJC_IMPLICIT_RETAIN_SELF = YES;
				CLANG_WARN_OBJC_LITERAL_CONVERSION = YES;
				CLANG_WARN_OBJC_ROOT_CLASS = YES_ERROR;
				CLANG_WARN_QUOTED_INCLUDE_IN_FRAMEWORK_HEADER = YES;
				CLANG_WARN_RANGE_LOOP_ANALYSIS = YES;
				CLANG_WARN_STRICT_PROTOTYPES = YES;
				CLANG_WARN_SUSPICIOUS_MOVE = YES;
				CLANG_WARN_UNGUARDED_AVAILABILITY = YES_AGGRESSIVE;
				CLANG_WARN_UNREACHABLE_CODE = YES;
				CLANG_WARN__DUPLICATE_METHOD_MATCH = YES;
				COPY_PHASE_STRIP = NO;
				DEBUG_INFORMATION_FORMAT = "dwarf-with-dsym";
				ENABLE_NS_ASSERTIONS = NO;
				ENABLE_STRICT_OBJC_MSGSEND = YES;
				ENABLE_USER_SCRIPT_SANDBOXING = YES;
				GCC_C_LANGUAGE_STANDARD = gnu17;
				GCC_NO_COMMON_BLOCKS = YES;
				GCC_WARN_64_TO_32_BIT_CONVERSION = YES;
				GCC_WARN_ABOUT_RETURN_TYPE = YES_ERROR;
				GCC_WARN_UNDECLARED_SELECTOR = YES;
				GCC_WARN_UNINITIALIZED_AUTOS = YES_AGGRESSIVE;
				GCC_WARN_UNUSED_FUNCTION = YES;
				GCC_WARN_UNUSED_VARIABLE = YES;
				IPHONEOS_DEPLOYMENT_TARGET = 17.0;
				LOCALIZATION_PREFERS_STRING_CATALOGS = YES;
				MTL_ENABLE_DEBUG_INFO = NO;
				MTL_FAST_MATH = YES;
				SDKROOT = iphoneos;
				SWIFT_COMPILATION_MODE = wholemodule;
				VALIDATE_PRODUCT = YES;
			};
			name = Release;
		};
		38E724252AB46A700045844C /* Debug */ = {
			isa = XCBuildConfiguration;
			buildSettings = {
				ALWAYS_EMBED_SWIFT_STANDARD_LIBRARIES = YES;
				ASSETCATALOG_COMPILER_APPICON_NAME = AppIcon;
				ASSETCATALOG_COMPILER_GLOBAL_ACCENT_COLOR_NAME = AccentColor;
				CODE_SIGN_STYLE = Automatic;
				CURRENT_PROJECT_VERSION = 1;
				DEVELOPMENT_ASSET_PATHS = "\"cookbook/Preview Content\"";
				DEVELOPMENT_TEAM = 545KNG585P;
				ENABLE_PREVIEWS = YES;
				GENERATE_INFOPLIST_FILE = YES;
				INFOPLIST_KEY_UIApplicationSceneManifest_Generation = YES;
				INFOPLIST_KEY_UIApplicationSupportsIndirectInputEvents = YES;
				INFOPLIST_KEY_UILaunchScreen_Generation = YES;
				INFOPLIST_KEY_UISupportedInterfaceOrientations_iPad = "UIInterfaceOrientationPortrait UIInterfaceOrientationPortraitUpsideDown UIInterfaceOrientationLandscapeLeft UIInterfaceOrientationLandscapeRight";
				INFOPLIST_KEY_UISupportedInterfaceOrientations_iPhone = "UIInterfaceOrientationPortrait UIInterfaceOrientationLandscapeLeft UIInterfaceOrientationLandscapeRight";
				LD_RUNPATH_SEARCH_PATHS = (
					"$(inherited)",
					"@executable_path/Frameworks",
				);
				MARKETING_VERSION = 1.0;
				PRODUCT_BUNDLE_IDENTIFIER = com.laihjx.cookbook;
				PRODUCT_NAME = "$(TARGET_NAME)";
				SWIFT_EMIT_LOC_STRINGS = YES;
				SWIFT_VERSION = 5.0;
				TARGETED_DEVICE_FAMILY = "1,2";
			};
			name = Debug;
		};
		38E724262AB46A700045844C /* Release */ = {
			isa = XCBuildConfiguration;
			buildSettings = {
				ALWAYS_EMBED_SWIFT_STANDARD_LIBRARIES = YES;
				ASSETCATALOG_COMPILER_APPICON_NAME = AppIcon;
				ASSETCATALOG_COMPILER_GLOBAL_ACCENT_COLOR_NAME = AccentColor;
				CODE_SIGN_STYLE = Automatic;
				CURRENT_PROJECT_VERSION = 1;
				DEVELOPMENT_ASSET_PATHS = "\"cookbook/Preview Content\"";
				DEVELOPMENT_TEAM = 545KNG585P;
				ENABLE_PREVIEWS = YES;
				GENERATE_INFOPLIST_FILE = YES;
				INFOPLIST_KEY_UIApplicationSceneManifest_Generation = YES;
				INFOPLIST_KEY_UIApplicationSupportsIndirectInputEvents = YES;
				INFOPLIST_KEY_UILaunchScreen_Generation = YES;
				INFOPLIST_KEY_UISupportedInterfaceOrientations_iPad = "UIInterfaceOrientationPortrait UIInterfaceOrientationPortraitUpsideDown UIInterfaceOrientationLandscapeLeft UIInterfaceOrientationLandscapeRight";
				INFOPLIST_KEY_UISupportedInterfaceOrientations_iPhone = "UIInterfaceOrientationPortrait UIInterfaceOrientationLandscapeLeft UIInterfaceOrientationLandscapeRight";
				LD_RUNPATH_SEARCH_PATHS = (
					"$(inherited)",
					"@executable_path/Frameworks",
				);
				MARKETING_VERSION = 1.0;
				PRODUCT_BUNDLE_IDENTIFIER = com.laihjx.cookbook;
				PRODUCT_NAME = "$(TARGET_NAME)";
				SWIFT_EMIT_LOC_STRINGS = YES;
				SWIFT_VERSION = 5.0;
				TARGETED_DEVICE_FAMILY = "1,2";
			};
			name = Release;
		};
/* End XCBuildConfiguration section */

/* Begin XCConfigurationList section */
		3816FB8F2B19C24A002037FF /* Build configuration list for PBXNativeTarget "widgetExtension" */ = {
			isa = XCConfigurationList;
			buildConfigurations = (
				3816FB8D2B19C24A002037FF /* Debug */,
				3816FB8E2B19C24A002037FF /* Release */,
			);
			defaultConfigurationIsVisible = 0;
			defaultConfigurationName = Release;
		};
		38E7240C2AB46A6E0045844C /* Build configuration list for PBXProject "cookbook" */ = {
			isa = XCConfigurationList;
			buildConfigurations = (
				38E724222AB46A700045844C /* Debug */,
				38E724232AB46A700045844C /* Release */,
			);
			defaultConfigurationIsVisible = 0;
			defaultConfigurationName = Release;
		};
		38E724242AB46A700045844C /* Build configuration list for PBXNativeTarget "cookbook" */ = {
			isa = XCConfigurationList;
			buildConfigurations = (
				38E724252AB46A700045844C /* Debug */,
				38E724262AB46A700045844C /* Release */,
			);
			defaultConfigurationIsVisible = 0;
			defaultConfigurationName = Release;
		};
/* End XCConfigurationList section */

/* Begin XCVersionGroup section */
		38E7241F2AB46A700045844C /* cookbook.xcdatamodeld */ = {
			isa = XCVersionGroup;
			children = (
				38E724202AB46A700045844C /* cookbook.xcdatamodel */,
			);
			currentVersion = 38E724202AB46A700045844C /* cookbook.xcdatamodel */;
			path = cookbook.xcdatamodeld;
			sourceTree = "<group>";
			versionGroupType = wrapper.xcdatamodel;
		};
/* End XCVersionGroup section */
	};
	rootObject = 38E724092AB46A6E0045844C /* Project object */;
}
